
Microsoft Visual Studio Solution File, Format Version 12.00
# Visual Studio 15
VisualStudioVersion = 15.0.28307.136
MinimumVisualStudioVersion = 10.0.40219.1
Project("{FAE04EC0-301F-11D3-BF4B-00C04F79EFBC}") = "swapi.Android", "swapi\swapi.Android\swapi.Android.csproj", "{2D0DB53B-6AC9-4AEF-ABA5-1AEAB576C57A}"
EndProject
Project("{FAE04EC0-301F-11D3-BF4B-00C04F79EFBC}") = "swapi.iOS", "swapi\swapi.iOS\swapi.iOS.csproj", "{EB700815-99FB-4497-B8A6-D6915B521F0A}"
EndProject
Project("{FAE04EC0-301F-11D3-BF4B-00C04F79EFBC}") = "swapi", "swapi\swapi\swapi.csproj", "{4FFBAC66-2628-4720-B914-EF7B5082F84C}"
EndProject
Global
	GlobalSection(SolutionConfigurationPlatforms) = preSolution
		Debug|Any CPU = Debug|Any CPU
		Debug|iPhone = Debug|iPhone
		Debug|iPhoneSimulator = Debug|iPhoneSimulator
		Release|Any CPU = Release|Any CPU
		Release|iPhone = Release|iPhone
		Release|iPhoneSimulator = Release|iPhoneSimulator
	EndGlobalSection
	GlobalSection(ProjectConfigurationPlatforms) = postSolution
		{2D0DB53B-6AC9-4AEF-ABA5-1AEAB576C57A}.Debug|Any CPU.ActiveCfg = Debug|Any CPU
		{2D0DB53B-6AC9-4AEF-ABA5-1AEAB576C57A}.Debug|Any CPU.Build.0 = Debug|Any CPU
		{2D0DB53B-6AC9-4AEF-ABA5-1AEAB576C57A}.Debug|Any CPU.Deploy.0 = Debug|Any CPU
		{2D0DB53B-6AC9-4AEF-ABA5-1AEAB576C57A}.Debug|iPhone.ActiveCfg = Debug|Any CPU
		{2D0DB53B-6AC9-4AEF-ABA5-1AEAB576C57A}.Debug|iPhone.Build.0 = Debug|Any CPU
		{2D0DB53B-6AC9-4AEF-ABA5-1AEAB576C57A}.Debug|iPhone.Deploy.0 = Debug|Any CPU
		{2D0DB53B-6AC9-4AEF-ABA5-1AEAB576C57A}.Debug|iPhoneSimulator.ActiveCfg = Debug|Any CPU
		{2D0DB53B-6AC9-4AEF-ABA5-1AEAB576C57A}.Debug|iPhoneSimulator.Build.0 = Debug|Any CPU
		{2D0DB53B-6AC9-4AEF-ABA5-1AEAB576C57A}.Debug|iPhoneSimulator.Deploy.0 = Debug|Any CPU
		{2D0DB53B-6AC9-4AEF-ABA5-1AEAB576C57A}.Release|Any CPU.ActiveCfg = Release|Any CPU
		{2D0DB53B-6AC9-4AEF-ABA5-1AEAB576C57A}.Release|Any CPU.Build.0 = Release|Any CPU
		{2D0DB53B-6AC9-4AEF-ABA5-1AEAB576C57A}.Release|Any CPU.Deploy.0 = Release|Any CPU
		{2D0DB53B-6AC9-4AEF-ABA5-1AEAB576C57A}.Release|iPhone.ActiveCfg = Release|Any CPU
		{2D0DB53B-6AC9-4AEF-ABA5-1AEAB576C57A}.Release|iPhone.Build.0 = Release|Any CPU
		{2D0DB53B-6AC9-4AEF-ABA5-1AEAB576C57A}.Release|iPhone.Deploy.0 = Release|Any CPU
		{2D0DB53B-6AC9-4AEF-ABA5-1AEAB576C57A}.Release|iPhoneSimulator.ActiveCfg = Release|Any CPU
		{2D0DB53B-6AC9-4AEF-ABA5-1AEAB576C57A}.Release|iPhoneSimulator.Build.0 = Release|Any CPU
		{2D0DB53B-6AC9-4AEF-ABA5-1AEAB576C57A}.Release|iPhoneSimulator.Deploy.0 = Release|Any CPU
		{EB700815-99FB-4497-B8A6-D6915B521F0A}.Debug|Any CPU.ActiveCfg = Debug|iPhoneSimulator
		{EB700815-99FB-4497-B8A6-D6915B521F0A}.Debug|Any CPU.Build.0 = Debug|iPhoneSimulator
		{EB700815-99FB-4497-B8A6-D6915B521F0A}.Debug|Any CPU.Deploy.0 = Debug|iPhoneSimulator
		{EB700815-99FB-4497-B8A6-D6915B521F0A}.Debug|iPhone.ActiveCfg = Debug|iPhone
		{EB700815-99FB-4497-B8A6-D6915B521F0A}.Debug|iPhone.Build.0 = Debug|iPhone
		{EB700815-99FB-4497-B8A6-D6915B521F0A}.Debug|iPhone.Deploy.0 = Debug|iPhone
		{EB700815-99FB-4497-B8A6-D6915B521F0A}.Debug|iPhoneSimulator.ActiveCfg = Debug|iPhoneSimulator
		{EB700815-99FB-4497-B8A6-D6915B521F0A}.Debug|iPhoneSimulator.Build.0 = Debug|iPhoneSimulator
		{EB700815-99FB-4497-B8A6-D6915B521F0A}.Debug|iPhoneSimulator.Deploy.0 = Debug|iPhoneSimulator
		{EB700815-99FB-4497-B8A6-D6915B521F0A}.Release|Any CPU.ActiveCfg = Release|iPhone
		{EB700815-99FB-4497-B8A6-D6915B521F0A}.Release|Any CPU.Build.0 = Release|iPhone
		{EB700815-99FB-4497-B8A6-D6915B521F0A}.Release|Any CPU.Deploy.0 = Release|iPhone
		{EB700815-99FB-4497-B8A6-D6915B521F0A}.Release|iPhone.ActiveCfg = Release|iPhone
		{EB700815-99FB-4497-B8A6-D6915B521F0A}.Release|iPhone.Build.0 = Release|iPhone
		{EB700815-99FB-4497-B8A6-D6915B521F0A}.Release|iPhone.Deploy.0 = Release|iPhone
		{EB700815-99FB-4497-B8A6-D6915B521F0A}.Release|iPhoneSimulator.ActiveCfg = Release|iPhoneSimulator
		{EB700815-99FB-4497-B8A6-D6915B521F0A}.Release|iPhoneSimulator.Build.0 = Release|iPhoneSimulator
		{EB700815-99FB-4497-B8A6-D6915B521F0A}.Release|iPhoneSimulator.Deploy.0 = Release|iPhoneSimulator
		{4FFBAC66-2628-4720-B914-EF7B5082F84C}.Debug|Any CPU.ActiveCfg = Debug|Any CPU
		{4FFBAC66-2628-4720-B914-EF7B5082F84C}.Debug|Any CPU.Build.0 = Debug|Any CPU
		{4FFBAC66-2628-4720-B914-EF7B5082F84C}.Debug|Any CPU.Deploy.0 = Debug|Any CPU
		{4FFBAC66-2628-4720-B914-EF7B5082F84C}.Debug|iPhone.ActiveCfg = Debug|Any CPU
		{4FFBAC66-2628-4720-B914-EF7B5082F84C}.Debug|iPhone.Build.0 = Debug|Any CPU
		{4FFBAC66-2628-4720-B914-EF7B5082F84C}.Debug|iPhone.Deploy.0 = Debug|Any CPU
		{4FFBAC66-2628-4720-B914-EF7B5082F84C}.Debug|iPhoneSimulator.ActiveCfg = Debug|Any CPU
		{4FFBAC66-2628-4720-B914-EF7B5082F84C}.Debug|iPhoneSimulator.Build.0 = Debug|Any CPU
		{4FFBAC66-2628-4720-B914-EF7B5082F84C}.Debug|iPhoneSimulator.Deploy.0 = Debug|Any CPU
		{4FFBAC66-2628-4720-B914-EF7B5082F84C}.Release|Any CPU.ActiveCfg = Release|Any CPU
		{4FFBAC66-2628-4720-B914-EF7B5082F84C}.Release|Any CPU.Build.0 = Release|Any CPU
		{4FFBAC66-2628-4720-B914-EF7B5082F84C}.Release|Any CPU.Deploy.0 = Release|Any CPU
		{4FFBAC66-2628-4720-B914-EF7B5082F84C}.Release|iPhone.ActiveCfg = Release|Any CPU
		{4FFBAC66-2628-4720-B914-EF7B5082F84C}.Release|iPhone.Build.0 = Release|Any CPU
		{4FFBAC66-2628-4720-B914-EF7B5082F84C}.Release|iPhone.Deploy.0 = Release|Any CPU
		{4FFBAC66-2628-4720-B914-EF7B5082F84C}.Release|iPhoneSimulator.ActiveCfg = Release|Any CPU
		{4FFBAC66-2628-4720-B914-EF7B5082F84C}.Release|iPhoneSimulator.Build.0 = Release|Any CPU
		{4FFBAC66-2628-4720-B914-EF7B5082F84C}.Release|iPhoneSimulator.Deploy.0 = Release|Any CPU
	EndGlobalSection
	GlobalSection(SolutionProperties) = preSolution
		HideSolutionNode = FALSE
	EndGlobalSection
	GlobalSection(ExtensibilityGlobals) = postSolution
		SolutionGuid = {FEFFE0AD-878E-4A18-9472-670C2DA3B33F}
	EndGlobalSection
EndGlobal
